{
  "name": "新建文件夹",
  "lockfileVersion": 3,
  "requires": true,
  "packages": {
    "": {
      "dependencies": {
        "hexo-theme-ayer": "^1.9.7-0"
      }
    },
    "node_modules/hexo-theme-ayer": {
      "version": "1.9.7-0",
      "resolved": "https://registry.npmjs.org/hexo-theme-ayer/-/hexo-theme-ayer-1.9.7-0.tgz",
      "integrity": "sha512-E25b6PufcYILxIkKd1W4+N3LMpVlVsNEvHCoxeBs5E2bjqF2M7yI1PPKFCf9/rMuwsMyRxRc3icbBt9tMb+Rfg==",
      "hasInstallScript": true
    }
  }
}
